PODS:
  - Alamofire (5.0.0-rc.2)
  - AlamofireObjectMapper (6.2.0):
    - Alamofire (= 5.0.0-rc.2)
    - ObjectMapper (~> 3.5.1)
  - Charts (3.5.0):
    - Charts/Core (= 3.5.0)
  - Charts/Core (3.5.0)
  - GoogleMaps/Base (3.9.0)
  - GooglePlaces (3.9.0):
    - GoogleMaps/Base (= 3.9.0)
  - IQKeyboardManagerSwift (6.5.5)
  - lottie-ios (3.1.8)
  - ObjectMapper (3.5.3)
  - SDWebImage (5.8.4):
    - SDWebImage/Core (= 5.8.4)
  - SDWebImage/Core (5.8.4)
  - Socket.IO-Client-Swift (15.2.0):
    - Starscream (~> 3.1)
  - Starscream (3.1.1)

DEPENDENCIES:
  - Alamofire (= 5.0.0-rc.2)
  - AlamofireObjectMapper
  - Charts
  - GooglePlaces
  - IQKeyboardManagerSwift
  - lottie-ios
  - SDWebImage
  - Socket.IO-Client-Swift

SPEC REPOS:
  trunk:
    - Alamofire
    - AlamofireObjectMapper
    - Charts
    - GoogleMaps
    - GooglePlaces
    - IQKeyboardManagerSwift
    - lottie-ios
    - ObjectMapper
    - SDWebImage
    - Socket.IO-Client-Swift
    - Starscream

SPEC CHECKSUMS:
  Alamofire: f9450d3c7f6bea2ad62e7a541c3e9b186c7991d6
  AlamofireObjectMapper: 74d1440c92c42bbcc2b5f4dc81654ac095ec669f
  Charts: 40a08591df1f8ad5c223ddedfb1a06da92f24f7c
  GoogleMaps: 4b5346bddfe6911bb89155d43c903020170523ac
  GooglePlaces: 1634d019549b969d40fe0ccb0b9513055adebe01
  IQKeyboardManagerSwift: 0fb93310284665245591f50f7a5e38de615960b7
  lottie-ios: 48fac6be217c76937e36e340e2d09cf7b10b7f5f
  ObjectMapper: 97111c97e054a6ee25917662106689f0b4127b37
  SDWebImage: cf6922231e95550934da2ada0f20f2becf2ceba9
  Socket.IO-Client-Swift: 1e3e3a1f09f3312a167f0d781eb2f383d477357c
  Starscream: 4bb2f9942274833f7b4d296a55504dcfc7edb7b0

PODFILE CHECKSUM: fbe5e013ddd9605f2673696c5133e4438b24d491

COCOAPODS: 1.10.0
